
Microsoft Visual Studio Solution File, Format Version 12.00
# Visual Studio Version 17
VisualStudioVersion = 17.6.33712.159
MinimumVisualStudioVersion = 10.0.40219.1
Project("{FAE04EC0-301F-11D3-BF4B-00C04F79EFBC}") = "Repuestos_API", "Repuestos_API\Repuestos_API.csproj", "{6ACEBFE5-89AE-43AF-8F9F-732087282E36}"
EndProject
Global
	GlobalSection(SolutionConfigurationPlatforms) = preSolution
		Debug|Any CPU = Debug|Any CPU
		Release|Any CPU = Release|Any CPU
	EndGlobalSection
	GlobalSection(ProjectConfigurationPlatforms) = postSolution
		{6ACEBFE5-89AE-43AF-8F9F-732087282E36}.Debug|Any CPU.ActiveCfg = Debug|Any CPU
		{6ACEBFE5-89AE-43AF-8F9F-732087282E36}.Debug|Any CPU.Build.0 = Debug|Any CPU
		{6ACEBFE5-89AE-43AF-8F9F-732087282E36}.Release|Any CPU.ActiveCfg = Release|Any CPU
		{6ACEBFE5-89AE-43AF-8F9F-732087282E36}.Release|Any CPU.Build.0 = Release|Any CPU
	EndGlobalSection
	GlobalSection(SolutionProperties) = preSolution
		HideSolutionNode = FALSE
	EndGlobalSection
	GlobalSection(ExtensibilityGlobals) = postSolution
		SolutionGuid = {F813559B-BB91-4909-AC86-FAED76C29418}
	EndGlobalSection
EndGlobal
